
Microsoft Visual Studio Solution File, Format Version 12.00
# Visual Studio Version 17
VisualStudioVersion = 17.14.36327.8
MinimumVisualStudioVersion = 10.0.40219.1
Project("{FAE04EC0-301F-11D3-BF4B-00C04F79EFBC}") = "Application", "Application\Application.csproj", "{81CDD6AF-2DA4-450E-96F5-7D8DC310A0CB}"
EndProject
Project("{FAE04EC0-301F-11D3-BF4B-00C04F79EFBC}") = "Domain", "Domain\Domain.csproj", "{B8BB6183-CDC3-4A04-A454-BCD4E78DFDCE}"
EndProject
Project("{FAE04EC0-301F-11D3-BF4B-00C04F79EFBC}") = "Infrastructure", "Infrastructure\Infrastructure.csproj", "{CD8DB2A0-EB78-421F-A801-7E6B4713BFAD}"
EndProject
Project("{FAE04EC0-301F-11D3-BF4B-00C04F79EFBC}") = "Presentation", "Presentation\Presentation.csproj", "{78EE106C-CD96-47A5-8795-08C99A7B946F}"
EndProject
Project("{FAE04EC0-301F-11D3-BF4B-00C04F79EFBC}") = "SharedKernel", "SharedKernel\SharedKernel.csproj", "{95161DF9-D752-48E1-9C78-E6F60D813E04}"
EndProject
Project("{FAE04EC0-301F-11D3-BF4B-00C04F79EFBC}") = "Contracts", "Contracts\Contracts.csproj", "{CFE30BC7-6CB9-4331-AB68-79A2992CF66A}"
EndProject
Project("{2150E333-8FDC-42A3-9474-1A3956D46DE8}") = "Realtime.Transport", "Realtime.Transport", "{02EA681E-C7D8-13C7-8484-4AC65E1B71E8}"
EndProject
Project("{FAE04EC0-301F-11D3-BF4B-00C04F79EFBC}") = "Realtime.TestHost", "Realtime.Transport\Realtime.TestHost\Realtime.TestHost.csproj", "{F8197B4C-A863-426D-BFA7-41DC449379ED}"
EndProject
Project("{FAE04EC0-301F-11D3-BF4B-00C04F79EFBC}") = "Realtime.Core", "Realtime.Transport\Realtime.Core\Realtime.Core.csproj", "{9AF41473-5EF3-4BCD-41A5-F177C78041B6}"
EndProject
Global
	GlobalSection(SolutionConfigurationPlatforms) = preSolution
		Debug|Any CPU = Debug|Any CPU
		Release|Any CPU = Release|Any CPU
	EndGlobalSection
	GlobalSection(ProjectConfigurationPlatforms) = postSolution
		{81CDD6AF-2DA4-450E-96F5-7D8DC310A0CB}.Debug|Any CPU.ActiveCfg = Debug|Any CPU
		{81CDD6AF-2DA4-450E-96F5-7D8DC310A0CB}.Debug|Any CPU.Build.0 = Debug|Any CPU
		{81CDD6AF-2DA4-450E-96F5-7D8DC310A0CB}.Release|Any CPU.ActiveCfg = Release|Any CPU
		{81CDD6AF-2DA4-450E-96F5-7D8DC310A0CB}.Release|Any CPU.Build.0 = Release|Any CPU
		{B8BB6183-CDC3-4A04-A454-BCD4E78DFDCE}.Debug|Any CPU.ActiveCfg = Debug|Any CPU
		{B8BB6183-CDC3-4A04-A454-BCD4E78DFDCE}.Debug|Any CPU.Build.0 = Debug|Any CPU
		{B8BB6183-CDC3-4A04-A454-BCD4E78DFDCE}.Release|Any CPU.ActiveCfg = Release|Any CPU
		{B8BB6183-CDC3-4A04-A454-BCD4E78DFDCE}.Release|Any CPU.Build.0 = Release|Any CPU
		{CD8DB2A0-EB78-421F-A801-7E6B4713BFAD}.Debug|Any CPU.ActiveCfg = Debug|Any CPU
		{CD8DB2A0-EB78-421F-A801-7E6B4713BFAD}.Debug|Any CPU.Build.0 = Debug|Any CPU
		{CD8DB2A0-EB78-421F-A801-7E6B4713BFAD}.Release|Any CPU.ActiveCfg = Release|Any CPU
		{CD8DB2A0-EB78-421F-A801-7E6B4713BFAD}.Release|Any CPU.Build.0 = Release|Any CPU
		{78EE106C-CD96-47A5-8795-08C99A7B946F}.Debug|Any CPU.ActiveCfg = Debug|Any CPU
		{78EE106C-CD96-47A5-8795-08C99A7B946F}.Debug|Any CPU.Build.0 = Debug|Any CPU
		{78EE106C-CD96-47A5-8795-08C99A7B946F}.Release|Any CPU.ActiveCfg = Release|Any CPU
		{78EE106C-CD96-47A5-8795-08C99A7B946F}.Release|Any CPU.Build.0 = Release|Any CPU
		{95161DF9-D752-48E1-9C78-E6F60D813E04}.Debug|Any CPU.ActiveCfg = Debug|Any CPU
		{95161DF9-D752-48E1-9C78-E6F60D813E04}.Debug|Any CPU.Build.0 = Debug|Any CPU
		{95161DF9-D752-48E1-9C78-E6F60D813E04}.Release|Any CPU.ActiveCfg = Release|Any CPU
		{95161DF9-D752-48E1-9C78-E6F60D813E04}.Release|Any CPU.Build.0 = Release|Any CPU
		{CFE30BC7-6CB9-4331-AB68-79A2992CF66A}.Debug|Any CPU.ActiveCfg = Debug|Any CPU
		{CFE30BC7-6CB9-4331-AB68-79A2992CF66A}.Debug|Any CPU.Build.0 = Debug|Any CPU
		{CFE30BC7-6CB9-4331-AB68-79A2992CF66A}.Release|Any CPU.ActiveCfg = Release|Any CPU
		{CFE30BC7-6CB9-4331-AB68-79A2992CF66A}.Release|Any CPU.Build.0 = Release|Any CPU
		{F8197B4C-A863-426D-BFA7-41DC449379ED}.Debug|Any CPU.ActiveCfg = Debug|Any CPU
		{F8197B4C-A863-426D-BFA7-41DC449379ED}.Debug|Any CPU.Build.0 = Debug|Any CPU
		{F8197B4C-A863-426D-BFA7-41DC449379ED}.Release|Any CPU.ActiveCfg = Release|Any CPU
		{F8197B4C-A863-426D-BFA7-41DC449379ED}.Release|Any CPU.Build.0 = Release|Any CPU
		{9AF41473-5EF3-4BCD-41A5-F177C78041B6}.Debug|Any CPU.ActiveCfg = Debug|Any CPU
		{9AF41473-5EF3-4BCD-41A5-F177C78041B6}.Debug|Any CPU.Build.0 = Debug|Any CPU
		{9AF41473-5EF3-4BCD-41A5-F177C78041B6}.Release|Any CPU.ActiveCfg = Release|Any CPU
		{9AF41473-5EF3-4BCD-41A5-F177C78041B6}.Release|Any CPU.Build.0 = Release|Any CPU
	EndGlobalSection
	GlobalSection(SolutionProperties) = preSolution
		HideSolutionNode = FALSE
	EndGlobalSection
	GlobalSection(NestedProjects) = preSolution
		{F8197B4C-A863-426D-BFA7-41DC449379ED} = {02EA681E-C7D8-13C7-8484-4AC65E1B71E8}
		{9AF41473-5EF3-4BCD-41A5-F177C78041B6} = {02EA681E-C7D8-13C7-8484-4AC65E1B71E8}
	EndGlobalSection
	GlobalSection(ExtensibilityGlobals) = postSolution
		SolutionGuid = {BD7E6969-6F51-4BB6-BB12-8FE6C3398EC9}
	EndGlobalSection
EndGlobal
