
Microsoft Visual Studio Solution File, Format Version 12.00
# Visual Studio Version 17
VisualStudioVersion = 17.14.36327.8
MinimumVisualStudioVersion = 10.0.40219.1
Project("{FAE04EC0-301F-11D3-BF4B-00C04F79EFBC}") = "Presentation", "Presentation\Presentation.csproj", "{78EE106C-CD96-47A5-8795-08C99A7B946F}"
EndProject
Project("{2150E333-8FDC-42A3-9474-1A3956D46DE8}") = "Realtime.Transport", "Realtime.Transport", "{02EA681E-C7D8-13C7-8484-4AC65E1B71E8}"
EndProject
Project("{FAE04EC0-301F-11D3-BF4B-00C04F79EFBC}") = "Realtime.TestHost", "Realtime.Transport\Realtime.TestHost\Realtime.TestHost.csproj", "{F8197B4C-A863-426D-BFA7-41DC449379ED}"
EndProject
Project("{FAE04EC0-301F-11D3-BF4B-00C04F79EFBC}") = "Realtime.Core", "Realtime.Transport\Realtime.Core\Realtime.Core.csproj", "{9AF41473-5EF3-4BCD-41A5-F177C78041B6}"
EndProject
Project("{2150E333-8FDC-42A3-9474-1A3956D46DE8}") = "Identity", "Identity", "{64CF6384-2C11-4F97-8DCB-DD86BCEDCC9D}"
EndProject
Project("{2150E333-8FDC-42A3-9474-1A3956D46DE8}") = "BuildingBlocks", "BuildingBlocks", "{52BF9116-0C91-4AF0-BABF-3FCC8E107D6E}"
EndProject
Project("{FAE04EC0-301F-11D3-BF4B-00C04F79EFBC}") = "SharedKernel", "BuildingBlocks\SharedKernel\SharedKernel.csproj", "{CBA795EA-9ACD-037E-D90D-2FEC634F28E9}"
EndProject
Project("{FAE04EC0-301F-11D3-BF4B-00C04F79EFBC}") = "Shared.API", "BuildingBlocks\Shared.API\Shared.API.csproj", "{843551A6-1FFC-843C-EA00-05D95E657DA3}"
EndProject
Project("{2150E333-8FDC-42A3-9474-1A3956D46DE8}") = "Modules", "Modules", "{287EC64B-9984-4D58-B1FD-BA8040A21F9A}"
EndProject
Project("{FAE04EC0-301F-11D3-BF4B-00C04F79EFBC}") = "Identity.API", "Modules\Identity\Identity.API\Identity.API.csproj", "{0381A6DE-0E79-BA74-463B-19D069306550}"
EndProject
Project("{FAE04EC0-301F-11D3-BF4B-00C04F79EFBC}") = "Identity.Contracts", "Modules\Identity\Identity.Contracts\Identity.Contracts.csproj", "{46A441BC-A83C-8E23-AC2A-C0830C7234D1}"
EndProject
Project("{FAE04EC0-301F-11D3-BF4B-00C04F79EFBC}") = "Identity.Test", "Modules\Identity\Identity.Test\Identity.Test.csproj", "{6049FA27-060A-313A-D365-65FF89317266}"
EndProject
Project("{FAE04EC0-301F-11D3-BF4B-00C04F79EFBC}") = "Identity.TestHost", "Modules\Identity\Identity.TestHost\Identity.TestHost.csproj", "{AC411260-0A78-9413-810D-68D36D220A6C}"
EndProject
Project("{2150E333-8FDC-42A3-9474-1A3956D46DE8}") = "Matchmaking", "Matchmaking", "{BAC7E37B-A524-4EEA-A6BD-03A709AED4DA}"
EndProject
Project("{FAE04EC0-301F-11D3-BF4B-00C04F79EFBC}") = "Matchmaking.Domain", "Modules\Matchmaking\Matchmaking.Domain\Matchmaking.Domain.csproj", "{23212769-3CB3-4EF4-A285-9DCCC9355B2F}"
EndProject
Project("{FAE04EC0-301F-11D3-BF4B-00C04F79EFBC}") = "Shared.Application", "BuildingBlocks\Shared.Application\Shared.Application.csproj", "{0510DA47-AA93-42E5-8136-142D81908D66}"
EndProject
Project("{2150E333-8FDC-42A3-9474-1A3956D46DE8}") = "Session", "Session", "{91D36881-9133-4018-9262-D0D160C98F63}"
EndProject
Project("{FAE04EC0-301F-11D3-BF4B-00C04F79EFBC}") = "Session.Contracts", "Modules\Session\Session.Contracts\Session.Contracts.csproj", "{37587EAB-94B4-478C-9662-FBBB46A503C9}"
EndProject
Project("{FAE04EC0-301F-11D3-BF4B-00C04F79EFBC}") = "Matchmaking.Contracts", "Modules\Matchmaking\Matchmaking.Contracts\Matchmaking.Contracts.csproj", "{67A7AEC1-B14F-47CA-9C16-C612176094C3}"
EndProject
Project("{FAE04EC0-301F-11D3-BF4B-00C04F79EFBC}") = "Matchmaking.Infrastructure", "Modules\Matchmaking\Matchmaking.Infrastructure\Matchmaking.Infrastructure.csproj", "{7CA9DCF9-AAB1-4889-BE7A-8B3FC2C07C17}"
EndProject
Project("{FAE04EC0-301F-11D3-BF4B-00C04F79EFBC}") = "Session.Domain", "Modules\Session\Session.Domain\Session.Domain.csproj", "{B9407AF1-8298-45E9-8F2C-2996AC846998}"
EndProject
Project("{FAE04EC0-301F-11D3-BF4B-00C04F79EFBC}") = "Session.Application", "Modules\Session\Session.Application\Session.Application.csproj", "{65FC7FC4-46C1-4B58-8A4F-D77061497D1E}"
EndProject
Project("{FAE04EC0-301F-11D3-BF4B-00C04F79EFBC}") = "Session.Infrastructure", "Modules\Session\Session.Infrastructure\Session.Infrastructure.csproj", "{275FE2A5-28A8-4FA0-83E5-D5FF95F3A714}"
EndProject
Project("{FAE04EC0-301F-11D3-BF4B-00C04F79EFBC}") = "Session.Presentation", "Modules\Session\Session.Presentation\Session.Presentation.csproj", "{FC9377F3-AAC1-4F7C-AFD8-C2EEF8B59FFE}"
EndProject
Project("{FAE04EC0-301F-11D3-BF4B-00C04F79EFBC}") = "Matchmaking.Application", "Modules\Matchmaking\Matchmaking.Application\Matchmaking.Application.csproj", "{7694681B-5352-FE04-E47E-375C796B7BB0}"
EndProject
Project("{FAE04EC0-301F-11D3-BF4B-00C04F79EFBC}") = "Matchmaking.Presentation", "Modules\Matchmaking\Matchmaking.Presentation\Matchmaking.Presentation.csproj", "{3F700388-8417-467D-8555-ADBF9A045F12}"
EndProject
Project("{FAE04EC0-301F-11D3-BF4B-00C04F79EFBC}") = "Shared.Infrastructure", "BuildingBlocks\Shared.Infrastructure\Shared.Infrastructure.csproj", "{3DD7618E-2867-44B0-8E7C-FE1C3EA6CE50}"
EndProject
Global
	GlobalSection(SolutionConfigurationPlatforms) = preSolution
		Debug|Any CPU = Debug|Any CPU
		Release|Any CPU = Release|Any CPU
	EndGlobalSection
	GlobalSection(ProjectConfigurationPlatforms) = postSolution
		{78EE106C-CD96-47A5-8795-08C99A7B946F}.Debug|Any CPU.ActiveCfg = Debug|Any CPU
		{78EE106C-CD96-47A5-8795-08C99A7B946F}.Debug|Any CPU.Build.0 = Debug|Any CPU
		{78EE106C-CD96-47A5-8795-08C99A7B946F}.Release|Any CPU.ActiveCfg = Release|Any CPU
		{78EE106C-CD96-47A5-8795-08C99A7B946F}.Release|Any CPU.Build.0 = Release|Any CPU
		{F8197B4C-A863-426D-BFA7-41DC449379ED}.Debug|Any CPU.ActiveCfg = Debug|Any CPU
		{F8197B4C-A863-426D-BFA7-41DC449379ED}.Debug|Any CPU.Build.0 = Debug|Any CPU
		{F8197B4C-A863-426D-BFA7-41DC449379ED}.Release|Any CPU.ActiveCfg = Release|Any CPU
		{F8197B4C-A863-426D-BFA7-41DC449379ED}.Release|Any CPU.Build.0 = Release|Any CPU
		{9AF41473-5EF3-4BCD-41A5-F177C78041B6}.Debug|Any CPU.ActiveCfg = Debug|Any CPU
		{9AF41473-5EF3-4BCD-41A5-F177C78041B6}.Debug|Any CPU.Build.0 = Debug|Any CPU
		{9AF41473-5EF3-4BCD-41A5-F177C78041B6}.Release|Any CPU.ActiveCfg = Release|Any CPU
		{9AF41473-5EF3-4BCD-41A5-F177C78041B6}.Release|Any CPU.Build.0 = Release|Any CPU
		{CBA795EA-9ACD-037E-D90D-2FEC634F28E9}.Debug|Any CPU.ActiveCfg = Debug|Any CPU
		{CBA795EA-9ACD-037E-D90D-2FEC634F28E9}.Debug|Any CPU.Build.0 = Debug|Any CPU
		{CBA795EA-9ACD-037E-D90D-2FEC634F28E9}.Release|Any CPU.ActiveCfg = Release|Any CPU
		{CBA795EA-9ACD-037E-D90D-2FEC634F28E9}.Release|Any CPU.Build.0 = Release|Any CPU
		{843551A6-1FFC-843C-EA00-05D95E657DA3}.Debug|Any CPU.ActiveCfg = Debug|Any CPU
		{843551A6-1FFC-843C-EA00-05D95E657DA3}.Debug|Any CPU.Build.0 = Debug|Any CPU
		{843551A6-1FFC-843C-EA00-05D95E657DA3}.Release|Any CPU.ActiveCfg = Release|Any CPU
		{843551A6-1FFC-843C-EA00-05D95E657DA3}.Release|Any CPU.Build.0 = Release|Any CPU
		{0381A6DE-0E79-BA74-463B-19D069306550}.Debug|Any CPU.ActiveCfg = Debug|Any CPU
		{0381A6DE-0E79-BA74-463B-19D069306550}.Debug|Any CPU.Build.0 = Debug|Any CPU
		{0381A6DE-0E79-BA74-463B-19D069306550}.Release|Any CPU.ActiveCfg = Release|Any CPU
		{0381A6DE-0E79-BA74-463B-19D069306550}.Release|Any CPU.Build.0 = Release|Any CPU
		{46A441BC-A83C-8E23-AC2A-C0830C7234D1}.Debug|Any CPU.ActiveCfg = Debug|Any CPU
		{46A441BC-A83C-8E23-AC2A-C0830C7234D1}.Debug|Any CPU.Build.0 = Debug|Any CPU
		{46A441BC-A83C-8E23-AC2A-C0830C7234D1}.Release|Any CPU.ActiveCfg = Release|Any CPU
		{46A441BC-A83C-8E23-AC2A-C0830C7234D1}.Release|Any CPU.Build.0 = Release|Any CPU
		{6049FA27-060A-313A-D365-65FF89317266}.Debug|Any CPU.ActiveCfg = Debug|Any CPU
		{6049FA27-060A-313A-D365-65FF89317266}.Debug|Any CPU.Build.0 = Debug|Any CPU
		{6049FA27-060A-313A-D365-65FF89317266}.Release|Any CPU.ActiveCfg = Release|Any CPU
		{6049FA27-060A-313A-D365-65FF89317266}.Release|Any CPU.Build.0 = Release|Any CPU
		{AC411260-0A78-9413-810D-68D36D220A6C}.Debug|Any CPU.ActiveCfg = Debug|Any CPU
		{AC411260-0A78-9413-810D-68D36D220A6C}.Debug|Any CPU.Build.0 = Debug|Any CPU
		{AC411260-0A78-9413-810D-68D36D220A6C}.Release|Any CPU.ActiveCfg = Release|Any CPU
		{AC411260-0A78-9413-810D-68D36D220A6C}.Release|Any CPU.Build.0 = Release|Any CPU
		{23212769-3CB3-4EF4-A285-9DCCC9355B2F}.Debug|Any CPU.ActiveCfg = Debug|Any CPU
		{23212769-3CB3-4EF4-A285-9DCCC9355B2F}.Debug|Any CPU.Build.0 = Debug|Any CPU
		{23212769-3CB3-4EF4-A285-9DCCC9355B2F}.Release|Any CPU.ActiveCfg = Release|Any CPU
		{23212769-3CB3-4EF4-A285-9DCCC9355B2F}.Release|Any CPU.Build.0 = Release|Any CPU
		{0510DA47-AA93-42E5-8136-142D81908D66}.Debug|Any CPU.ActiveCfg = Debug|Any CPU
		{0510DA47-AA93-42E5-8136-142D81908D66}.Debug|Any CPU.Build.0 = Debug|Any CPU
		{0510DA47-AA93-42E5-8136-142D81908D66}.Release|Any CPU.ActiveCfg = Release|Any CPU
		{0510DA47-AA93-42E5-8136-142D81908D66}.Release|Any CPU.Build.0 = Release|Any CPU
		{37587EAB-94B4-478C-9662-FBBB46A503C9}.Debug|Any CPU.ActiveCfg = Debug|Any CPU
		{37587EAB-94B4-478C-9662-FBBB46A503C9}.Debug|Any CPU.Build.0 = Debug|Any CPU
		{37587EAB-94B4-478C-9662-FBBB46A503C9}.Release|Any CPU.ActiveCfg = Release|Any CPU
		{37587EAB-94B4-478C-9662-FBBB46A503C9}.Release|Any CPU.Build.0 = Release|Any CPU
		{67A7AEC1-B14F-47CA-9C16-C612176094C3}.Debug|Any CPU.ActiveCfg = Debug|Any CPU
		{67A7AEC1-B14F-47CA-9C16-C612176094C3}.Debug|Any CPU.Build.0 = Debug|Any CPU
		{67A7AEC1-B14F-47CA-9C16-C612176094C3}.Release|Any CPU.ActiveCfg = Release|Any CPU
		{67A7AEC1-B14F-47CA-9C16-C612176094C3}.Release|Any CPU.Build.0 = Release|Any CPU
		{7CA9DCF9-AAB1-4889-BE7A-8B3FC2C07C17}.Debug|Any CPU.ActiveCfg = Debug|Any CPU
		{7CA9DCF9-AAB1-4889-BE7A-8B3FC2C07C17}.Debug|Any CPU.Build.0 = Debug|Any CPU
		{7CA9DCF9-AAB1-4889-BE7A-8B3FC2C07C17}.Release|Any CPU.ActiveCfg = Release|Any CPU
		{7CA9DCF9-AAB1-4889-BE7A-8B3FC2C07C17}.Release|Any CPU.Build.0 = Release|Any CPU
		{B9407AF1-8298-45E9-8F2C-2996AC846998}.Debug|Any CPU.ActiveCfg = Debug|Any CPU
		{B9407AF1-8298-45E9-8F2C-2996AC846998}.Debug|Any CPU.Build.0 = Debug|Any CPU
		{B9407AF1-8298-45E9-8F2C-2996AC846998}.Release|Any CPU.ActiveCfg = Release|Any CPU
		{B9407AF1-8298-45E9-8F2C-2996AC846998}.Release|Any CPU.Build.0 = Release|Any CPU
		{65FC7FC4-46C1-4B58-8A4F-D77061497D1E}.Debug|Any CPU.ActiveCfg = Debug|Any CPU
		{65FC7FC4-46C1-4B58-8A4F-D77061497D1E}.Debug|Any CPU.Build.0 = Debug|Any CPU
		{65FC7FC4-46C1-4B58-8A4F-D77061497D1E}.Release|Any CPU.ActiveCfg = Release|Any CPU
		{65FC7FC4-46C1-4B58-8A4F-D77061497D1E}.Release|Any CPU.Build.0 = Release|Any CPU
		{275FE2A5-28A8-4FA0-83E5-D5FF95F3A714}.Debug|Any CPU.ActiveCfg = Debug|Any CPU
		{275FE2A5-28A8-4FA0-83E5-D5FF95F3A714}.Debug|Any CPU.Build.0 = Debug|Any CPU
		{275FE2A5-28A8-4FA0-83E5-D5FF95F3A714}.Release|Any CPU.ActiveCfg = Release|Any CPU
		{275FE2A5-28A8-4FA0-83E5-D5FF95F3A714}.Release|Any CPU.Build.0 = Release|Any CPU
		{FC9377F3-AAC1-4F7C-AFD8-C2EEF8B59FFE}.Debug|Any CPU.ActiveCfg = Debug|Any CPU
		{FC9377F3-AAC1-4F7C-AFD8-C2EEF8B59FFE}.Debug|Any CPU.Build.0 = Debug|Any CPU
		{FC9377F3-AAC1-4F7C-AFD8-C2EEF8B59FFE}.Release|Any CPU.ActiveCfg = Release|Any CPU
		{FC9377F3-AAC1-4F7C-AFD8-C2EEF8B59FFE}.Release|Any CPU.Build.0 = Release|Any CPU
		{7694681B-5352-FE04-E47E-375C796B7BB0}.Debug|Any CPU.ActiveCfg = Debug|Any CPU
		{7694681B-5352-FE04-E47E-375C796B7BB0}.Debug|Any CPU.Build.0 = Debug|Any CPU
		{7694681B-5352-FE04-E47E-375C796B7BB0}.Release|Any CPU.ActiveCfg = Release|Any CPU
		{7694681B-5352-FE04-E47E-375C796B7BB0}.Release|Any CPU.Build.0 = Release|Any CPU
		{3F700388-8417-467D-8555-ADBF9A045F12}.Debug|Any CPU.ActiveCfg = Debug|Any CPU
		{3F700388-8417-467D-8555-ADBF9A045F12}.Debug|Any CPU.Build.0 = Debug|Any CPU
		{3F700388-8417-467D-8555-ADBF9A045F12}.Release|Any CPU.ActiveCfg = Release|Any CPU
		{3F700388-8417-467D-8555-ADBF9A045F12}.Release|Any CPU.Build.0 = Release|Any CPU
		{3DD7618E-2867-44B0-8E7C-FE1C3EA6CE50}.Debug|Any CPU.ActiveCfg = Debug|Any CPU
		{3DD7618E-2867-44B0-8E7C-FE1C3EA6CE50}.Debug|Any CPU.Build.0 = Debug|Any CPU
		{3DD7618E-2867-44B0-8E7C-FE1C3EA6CE50}.Release|Any CPU.ActiveCfg = Release|Any CPU
		{3DD7618E-2867-44B0-8E7C-FE1C3EA6CE50}.Release|Any CPU.Build.0 = Release|Any CPU
	EndGlobalSection
	GlobalSection(SolutionProperties) = preSolution
		HideSolutionNode = FALSE
	EndGlobalSection
	GlobalSection(NestedProjects) = preSolution
		{F8197B4C-A863-426D-BFA7-41DC449379ED} = {02EA681E-C7D8-13C7-8484-4AC65E1B71E8}
		{9AF41473-5EF3-4BCD-41A5-F177C78041B6} = {02EA681E-C7D8-13C7-8484-4AC65E1B71E8}
		{64CF6384-2C11-4F97-8DCB-DD86BCEDCC9D} = {287EC64B-9984-4D58-B1FD-BA8040A21F9A}
		{CBA795EA-9ACD-037E-D90D-2FEC634F28E9} = {52BF9116-0C91-4AF0-BABF-3FCC8E107D6E}
		{843551A6-1FFC-843C-EA00-05D95E657DA3} = {52BF9116-0C91-4AF0-BABF-3FCC8E107D6E}
		{0381A6DE-0E79-BA74-463B-19D069306550} = {64CF6384-2C11-4F97-8DCB-DD86BCEDCC9D}
		{46A441BC-A83C-8E23-AC2A-C0830C7234D1} = {64CF6384-2C11-4F97-8DCB-DD86BCEDCC9D}
		{6049FA27-060A-313A-D365-65FF89317266} = {64CF6384-2C11-4F97-8DCB-DD86BCEDCC9D}
		{AC411260-0A78-9413-810D-68D36D220A6C} = {64CF6384-2C11-4F97-8DCB-DD86BCEDCC9D}
		{BAC7E37B-A524-4EEA-A6BD-03A709AED4DA} = {287EC64B-9984-4D58-B1FD-BA8040A21F9A}
		{23212769-3CB3-4EF4-A285-9DCCC9355B2F} = {BAC7E37B-A524-4EEA-A6BD-03A709AED4DA}
		{0510DA47-AA93-42E5-8136-142D81908D66} = {52BF9116-0C91-4AF0-BABF-3FCC8E107D6E}
		{91D36881-9133-4018-9262-D0D160C98F63} = {287EC64B-9984-4D58-B1FD-BA8040A21F9A}
		{37587EAB-94B4-478C-9662-FBBB46A503C9} = {91D36881-9133-4018-9262-D0D160C98F63}
		{67A7AEC1-B14F-47CA-9C16-C612176094C3} = {BAC7E37B-A524-4EEA-A6BD-03A709AED4DA}
		{7CA9DCF9-AAB1-4889-BE7A-8B3FC2C07C17} = {BAC7E37B-A524-4EEA-A6BD-03A709AED4DA}
		{B9407AF1-8298-45E9-8F2C-2996AC846998} = {91D36881-9133-4018-9262-D0D160C98F63}
		{65FC7FC4-46C1-4B58-8A4F-D77061497D1E} = {91D36881-9133-4018-9262-D0D160C98F63}
		{275FE2A5-28A8-4FA0-83E5-D5FF95F3A714} = {91D36881-9133-4018-9262-D0D160C98F63}
		{FC9377F3-AAC1-4F7C-AFD8-C2EEF8B59FFE} = {91D36881-9133-4018-9262-D0D160C98F63}
		{7694681B-5352-FE04-E47E-375C796B7BB0} = {BAC7E37B-A524-4EEA-A6BD-03A709AED4DA}
		{3F700388-8417-467D-8555-ADBF9A045F12} = {BAC7E37B-A524-4EEA-A6BD-03A709AED4DA}
		{3DD7618E-2867-44B0-8E7C-FE1C3EA6CE50} = {52BF9116-0C91-4AF0-BABF-3FCC8E107D6E}
	EndGlobalSection
	GlobalSection(ExtensibilityGlobals) = postSolution
		SolutionGuid = {BD7E6969-6F51-4BB6-BB12-8FE6C3398EC9}
	EndGlobalSection
EndGlobal
