Microsoft Visual Studio Solution File, Format Version 12.00
# Visual Studio Version 17
VisualStudioVersion = 17.0.31912.275
MinimumVisualStudioVersion = 10.0.40219.1
Project("{FAE04EC0-301F-11D3-BF4B-00C04F79EFBC}") = "Flowcast.CodeGenerator", "src\Flowcast.CodeGenerator\Flowcast.CodeGenerator.csproj", "{8F8D3A30-31BA-4B0C-8E90-2A7AF609ED5F}"
EndProject
Project("{FAE04EC0-301F-11D3-BF4B-00C04F79EFBC}") = "Flowcast.CodeGenerator.Cli", "src\Flowcast.CodeGenerator.Cli\Flowcast.CodeGenerator.Cli.csproj", "{9C9CFA54-582C-4F19-A7CA-55A1D3DC5C3B}"
EndProject
Global
    GlobalSection(SolutionConfigurationPlatforms) = preSolution
        Debug|Any CPU = Debug|Any CPU
        Release|Any CPU = Release|Any CPU
    EndGlobalSection
    GlobalSection(ProjectConfigurationPlatforms) = postSolution
        {8F8D3A30-31BA-4B0C-8E90-2A7AF609ED5F}.Debug|Any CPU.ActiveCfg = Debug|Any CPU
        {8F8D3A30-31BA-4B0C-8E90-2A7AF609ED5F}.Debug|Any CPU.Build.0 = Debug|Any CPU
        {8F8D3A30-31BA-4B0C-8E90-2A7AF609ED5F}.Release|Any CPU.ActiveCfg = Release|Any CPU
        {8F8D3A30-31BA-4B0C-8E90-2A7AF609ED5F}.Release|Any CPU.Build.0 = Release|Any CPU
        {9C9CFA54-582C-4F19-A7CA-55A1D3DC5C3B}.Debug|Any CPU.ActiveCfg = Debug|Any CPU
        {9C9CFA54-582C-4F19-A7CA-55A1D3DC5C3B}.Debug|Any CPU.Build.0 = Debug|Any CPU
        {9C9CFA54-582C-4F19-A7CA-55A1D3DC5C3B}.Release|Any CPU.ActiveCfg = Release|Any CPU
        {9C9CFA54-582C-4F19-A7CA-55A1D3DC5C3B}.Release|Any CPU.Build.0 = Release|Any CPU
    EndGlobalSection
    GlobalSection(SolutionProperties) = preSolution
        HideSolutionNode = FALSE
    EndGlobalSection
EndGlobal
